{"1.1.0",
[{<<"aleppo">>,
  {git,"https://github.com/ErlyORM/aleppo.git",
       {ref,"55a25f194aa557988151b71ec151bb54aa3dbbdb"}},
  0},
 {<<"boss_test">>,
  {git,"https://github.com/ChicagoBoss/boss_test.git",
       {ref,"904bdc47c87d73a891ff86b96f7a3cefd3e5c632"}},
  0},
 {<<"ddb">>,
  {git,"https://github.com/ErlyORM/ddb.git",
       {ref,"2941b5f18a8b69bdd25b9d885a1fb44b5cde9448"}},
  0},
 {<<"dh_date">>,
  {git,"https://github.com/daleharvey/dh_date.git",
       {ref,"23e5a61381d1f155520958ff28eba6a3480e9a10"}},
  0},
 {<<"epgsql">>,
  {git,"https://github.com/epgsql/epgsql.git",
       {ref,"c7dfb06481143d5554aed0d4f6853d1e3d56c670"}},
  0},
 {<<"erlando">>,
  {git,"https://github.com/ChicagoBoss/erlando.git",
       {ref,"b0b77dd9b91a0246b5b3602ccf91182e0d0a2d9a"}},
  0},
 {<<"erlmc">>,
  {git,"https://github.com/layerhq/erlmc.git",
       {ref,"c5280dadc6b64912e100d812a4aa95de8dea4636"}},
  0},
 {<<"ets_cache">>,
  {git,"https://github.com/cuongth/ets_cache.git",
       {ref,"c7a17204cd9602b677540e9c73d10e6f6f7da146"}},
  0},
 {<<"goldrush">>,{pkg,<<"goldrush">>,<<"0.1.9">>},1},
 {<<"ibrowse">>,
  {git,"https://github.com/cmullaparthi/ibrowse.git",
       {ref,"7529807170cf3c8f6a8c5c95526e670420ff591b"}},
  1},
 {<<"jsx">>,
  {git,"https://github.com/talentdeficit/jsx.git",
       {ref,"d4b6d3dc5fd9e759ff7a0c476654ea5124f5bae9"}},
  1},
 {<<"lager">>,
  {git,"https://github.com/erlang-lager/lager.git",
       {ref,"c3970a99131c7c73de7eba3c2a569806fe47e40a"}},
  0},
 {<<"medici">>,
  {git,"https://github.com/ErlyORM/medici.git",
       {ref,"bb6167459d19f48089b2bd46f753bf70fce495fe"}},
  0},
 {<<"mysql">>,
  {git,"https://github.com/ErlyORM/erlang-mysql-driver.git",
       {ref,"636333c803e9132b6a2ea360b678a9f7c31623a6"}},
  0},
 {<<"pmod_transform">>,
  {git,"git://github.com/erlang/pmod_transform.git",
       {ref,"8d5ab70f087cfbb634d789f7489f09c6d39c5c8b"}},
  1},
 {<<"poolboy">>,
  {git,"https://github.com/devinus/poolboy.git",
       {ref,"3bb48a893ff5598f7c73731ac17545206d259fac"}},
  0},
 {<<"proper">>,
  {git,"https://github.com/manopapad/proper.git",
       {ref,"5f0d69c831b6c9f52535c3d1846efca480f6190d"}},
  0},
 {<<"redo">>,
  {git,"https://github.com/heroku/redo.git",
       {ref,"cd75a11697d69e38b6e5e1750b7ec18414fb60eb"}},
  0},
 {<<"tiny_pq">>,
  {git,"https://github.com/ChicagoBoss/tiny_pq.git",
       {ref,"276342c938ee9e71f69b135a8744eba5bbc506cd"}},
  0},
 {<<"uuid">>,
  {git,"https://github.com/avtobiff/erlang-uuid.git",
       {ref,"585c2474afb4a597ae8c8bf6d21e5a9c73f18e0b"}},
  0}]}.
[
{pkg_hash,[
 {<<"goldrush">>, <<"F06E5D5F1277DA5C413E84D5A2924174182FB108DABB39D5EC548B27424CD106">>}]}
].
